
Microsoft Visual Studio Solution File, Format Version 12.00
# Visual Studio Version 17
VisualStudioVersion = 17.2.32616.157
MinimumVisualStudioVersion = 10.0.40219.1
Project("{FAE04EC0-301F-11D3-BF4B-00C04F79EFBC}") = "ConsoleApp2", "ConsoleApp2\ConsoleApp2.csproj", "{C3F523F1-893C-4B56-90F7-E7873261505B}"
EndProject
Global
	GlobalSection(SolutionConfigurationPlatforms) = preSolution
		Debug|Any CPU = Debug|Any CPU
		Release|Any CPU = Release|Any CPU
	EndGlobalSection
	GlobalSection(ProjectConfigurationPlatforms) = postSolution
		{C3F523F1-893C-4B56-90F7-E7873261505B}.Debug|Any CPU.ActiveCfg = Debug|Any CPU
		{C3F523F1-893C-4B56-90F7-E7873261505B}.Debug|Any CPU.Build.0 = Debug|Any CPU
		{C3F523F1-893C-4B56-90F7-E7873261505B}.Release|Any CPU.ActiveCfg = Release|Any CPU
		{C3F523F1-893C-4B56-90F7-E7873261505B}.Release|Any CPU.Build.0 = Release|Any CPU
	EndGlobalSection
	GlobalSection(SolutionProperties) = preSolution
		HideSolutionNode = FALSE
	EndGlobalSection
	GlobalSection(ExtensibilityGlobals) = postSolution
		SolutionGuid = {971F823F-9DB8-4086-A2ED-B6E4B69677F7}
	EndGlobalSection
EndGlobal
